Microsoft Visual Studio Solution File, Format Version 12.00
# Visual Studio Version 17
VisualStudioVersion = 17.13.35931.197
MinimumVisualStudioVersion = 10.0.40219.1
Project("{FAE04EC0-301F-11D3-BF4B-00C04F79EFBC}") = "Task1", "Homework1\Task1.csproj", "{5CA6D15B-6176-465A-8910-51EEFB472E74}"
EndProject
Global
	GlobalSection(SolutionConfigurationPlatforms) = preSolution
		Debug|Any CPU = Debug|Any CPU
		Release|Any CPU = Release|Any CPU
	EndGlobalSection
	GlobalSection(ProjectConfigurationPlatforms) = postSolution
		{5CA6D15B-6176-465A-8910-51EEFB472E74}.Debug|Any CPU.ActiveCfg = Debug|Any CPU
		{5CA6D15B-6176-465A-8910-51EEFB472E74}.Debug|Any CPU.Build.0 = Debug|Any CPU
		{5CA6D15B-6176-465A-8910-51EEFB472E74}.Release|Any CPU.ActiveCfg = Release|Any CPU
		{5CA6D15B-6176-465A-8910-51EEFB472E74}.Release|Any CPU.Build.0 = Release|Any CPU
	EndGlobalSection
	GlobalSection(SolutionProperties) = preSolution
		HideSolutionNode = FALSE
	EndGlobalSection
	GlobalSection(ExtensibilityGlobals) = postSolution
		SolutionGuid = {0A534607-DC82-45D1-8A94-39F1C86C9482}
	EndGlobalSection
EndGlobal
